
Microsoft Visual Studio Solution File, Format Version 12.00
# Visual Studio 15
VisualStudioVersion = 15.0.27703.2026
MinimumVisualStudioVersion = 10.0.40219.1
Project("{FAE04EC0-301F-11D3-BF4B-00C04F79EFBC}") = "ChangeInFolderTrigger", "ChangeInFolderTrigger\ChangeInFolderTrigger.csproj", "{D0767AD5-0379-4E8D-AEC2-622E747E2FD4}"
EndProject
Global
	GlobalSection(SolutionConfigurationPlatforms) = preSolution
		Debug|Any CPU = Debug|Any CPU
		Release|Any CPU = Release|Any CPU
	EndGlobalSection
	GlobalSection(ProjectConfigurationPlatforms) = postSolution
		{D0767AD5-0379-4E8D-AEC2-622E747E2FD4}.Debug|Any CPU.ActiveCfg = Release|Any CPU
		{D0767AD5-0379-4E8D-AEC2-622E747E2FD4}.Debug|Any CPU.Build.0 = Release|Any CPU
		{D0767AD5-0379-4E8D-AEC2-622E747E2FD4}.Release|Any CPU.ActiveCfg = Release|Any CPU
		{D0767AD5-0379-4E8D-AEC2-622E747E2FD4}.Release|Any CPU.Build.0 = Release|Any CPU
	EndGlobalSection
	GlobalSection(SolutionProperties) = preSolution
		HideSolutionNode = FALSE
	EndGlobalSection
	GlobalSection(ExtensibilityGlobals) = postSolution
		SolutionGuid = {7E00D6A1-46A9-4A04-8A6F-BFEFAAD0375B}
	EndGlobalSection
EndGlobal
